
Microsoft Visual Studio Solution File, Format Version 12.00
# Visual Studio 2012
Project("{00D1A9C2-B5F0-4AF3-8072-F6C62B433612}") = "ApClrObjects", "ApClrObjects\ApClrObjects.sqlproj", "{324046B9-DC26-46F6-8258-952B02A44F14}"
EndProject
Global
	GlobalSection(SolutionConfigurationPlatforms) = preSolution
		Debug|Any CPU = Debug|Any CPU
		Release|Any CPU = Release|Any CPU
	EndGlobalSection
	GlobalSection(ProjectConfigurationPlatforms) = postSolution
		{324046B9-DC26-46F6-8258-952B02A44F14}.Debug|Any CPU.ActiveCfg = Debug|Any CPU
		{324046B9-DC26-46F6-8258-952B02A44F14}.Debug|Any CPU.Build.0 = Debug|Any CPU
		{324046B9-DC26-46F6-8258-952B02A44F14}.Debug|Any CPU.Deploy.0 = Debug|Any CPU
		{324046B9-DC26-46F6-8258-952B02A44F14}.Release|Any CPU.ActiveCfg = Release|Any CPU
		{324046B9-DC26-46F6-8258-952B02A44F14}.Release|Any CPU.Build.0 = Release|Any CPU
		{324046B9-DC26-46F6-8258-952B02A44F14}.Release|Any CPU.Deploy.0 = Release|Any CPU
	EndGlobalSection
	GlobalSection(SolutionProperties) = preSolution
		HideSolutionNode = FALSE
	EndGlobalSection
EndGlobal
